// !$*UTF8*$!
{
	archiveVersion = 1;
	classes = {
	};
	objectVersion = 77;
	objects = {

/* Begin PBXBuildFile section */
		2911D7FD2DF668CF00576E8E /* Localizable.xcstrings in Resources */ = {isa = PBXBuildFile; fileRef = 2911D7FC2DF668CF00576E8E /* Localizable.xcstrings */; };
		2975E8782DA156A300EBA3D1 /* FirebaseAnalytics in Frameworks */ = {isa = PBXBuildFile; productRef = 2975E8772DA156A300EBA3D1 /* FirebaseAnalytics */; };
		2975E87A2DA156A300EBA3D1 /* FirebaseAnalyticsOnDeviceConversion in Frameworks */ = {isa = PBXBuildFile; productRef = 2975E8792DA156A300EBA3D1 /* FirebaseAnalyticsOnDeviceConversion */; };
		2975E87C2DA156A300EBA3D1 /* FirebaseAnalyticsWithoutAdIdSupport in Frameworks */ = {isa = PBXBuildFile; productRef = 2975E87B2DA156A300EBA3D1 /* FirebaseAnalyticsWithoutAdIdSupport */; };
		2975E87E2DA156A300EBA3D1 /* FirebaseAppCheck in Frameworks */ = {isa = PBXBuildFile; productRef = 2975E87D2DA156A300EBA3D1 /* FirebaseAppCheck */; };
		2975E8802DA156A300EBA3D1 /* FirebaseAppDistribution-Beta in Frameworks */ = {isa = PBXBuildFile; productRef = 2975E87F2DA156A300EBA3D1 /* FirebaseAppDistribution-Beta */; };
		2975E8822DA156A300EBA3D1 /* FirebaseAuth in Frameworks */ = {isa = PBXBuildFile; productRef = 2975E8812DA156A300EBA3D1 /* FirebaseAuth */; };
		2975E8842DA156A300EBA3D1 /* FirebaseAuthCombine-Community in Frameworks */ = {isa = PBXBuildFile; productRef = 2975E8832DA156A300EBA3D1 /* FirebaseAuthCombine-Community */; };
		2975E8862DA156A300EBA3D1 /* FirebaseCore in Frameworks */ = {isa = PBXBuildFile; productRef = 2975E8852DA156A300EBA3D1 /* FirebaseCore */; };
		2975E8882DA156A300EBA3D1 /* FirebaseCrashlytics in Frameworks */ = {isa = PBXBuildFile; productRef = 2975E8872DA156A300EBA3D1 /* FirebaseCrashlytics */; };
		2975E88A2DA156A300EBA3D1 /* FirebaseDatabase in Frameworks */ = {isa = PBXBuildFile; productRef = 2975E8892DA156A300EBA3D1 /* FirebaseDatabase */; };
		2975E88C2DA156A300EBA3D1 /* FirebaseDynamicLinks in Frameworks */ = {isa = PBXBuildFile; productRef = 2975E88B2DA156A300EBA3D1 /* FirebaseDynamicLinks */; };
		2975E88E2DA156A300EBA3D1 /* FirebaseFirestore in Frameworks */ = {isa = PBXBuildFile; productRef = 2975E88D2DA156A300EBA3D1 /* FirebaseFirestore */; };
		2975E8902DA156A300EBA3D1 /* FirebaseFirestoreCombine-Community in Frameworks */ = {isa = PBXBuildFile; productRef = 2975E88F2DA156A300EBA3D1 /* FirebaseFirestoreCombine-Community */; };
		2975E8922DA156A300EBA3D1 /* FirebaseFunctions in Frameworks */ = {isa = PBXBuildFile; productRef = 2975E8912DA156A300EBA3D1 /* FirebaseFunctions */; };
		2975E8942DA156A300EBA3D1 /* FirebaseFunctionsCombine-Community in Frameworks */ = {isa = PBXBuildFile; productRef = 2975E8932DA156A300EBA3D1 /* FirebaseFunctionsCombine-Community */; };
		2975E8962DA156A300EBA3D1 /* FirebaseInAppMessaging-Beta in Frameworks */ = {isa = PBXBuildFile; productRef = 2975E8952DA156A300EBA3D1 /* FirebaseInAppMessaging-Beta */; };
		2975E8982DA156A300EBA3D1 /* FirebaseInstallations in Frameworks */ = {isa = PBXBuildFile; productRef = 2975E8972DA156A300EBA3D1 /* FirebaseInstallations */; };
		2975E89A2DA156A300EBA3D1 /* FirebaseMLModelDownloader in Frameworks */ = {isa = PBXBuildFile; productRef = 2975E8992DA156A300EBA3D1 /* FirebaseMLModelDownloader */; };
		2975E89C2DA156A300EBA3D1 /* FirebaseMessaging in Frameworks */ = {isa = PBXBuildFile; productRef = 2975E89B2DA156A300EBA3D1 /* FirebaseMessaging */; };
		2975E89E2DA156A300EBA3D1 /* FirebasePerformance in Frameworks */ = {isa = PBXBuildFile; productRef = 2975E89D2DA156A300EBA3D1 /* FirebasePerformance */; };
		2975E8A02DA156A300EBA3D1 /* FirebaseRemoteConfig in Frameworks */ = {isa = PBXBuildFile; productRef = 2975E89F2DA156A300EBA3D1 /* FirebaseRemoteConfig */; };
		2975E8A22DA156A300EBA3D1 /* FirebaseStorage in Frameworks */ = {isa = PBXBuildFile; productRef = 2975E8A12DA156A300EBA3D1 /* FirebaseStorage */; };
		2975E8A42DA156A300EBA3D1 /* FirebaseStorageCombine-Community in Frameworks */ = {isa = PBXBuildFile; productRef = 2975E8A32DA156A300EBA3D1 /* FirebaseStorageCombine-Community */; };
		2975E8A62DA156A300EBA3D1 /* FirebaseVertexAI in Frameworks */ = {isa = PBXBuildFile; productRef = 2975E8A52DA156A300EBA3D1 /* FirebaseVertexAI */; };
		2975E95E2DA227C000EBA3D1 /* GoogleService-Info.plist in Resources */ = {isa = PBXBuildFile; fileRef = 2975E95D2DA227C000EBA3D1 /* GoogleService-Info.plist */; };
		2993FB9E2DA46CF800B3D95D /* SDWebImageSwiftUI in Frameworks */ = {isa = PBXBuildFile; productRef = 2993FB9D2DA46CF800B3D95D /* SDWebImageSwiftUI */; };
/* End PBXBuildFile section */

/* Begin PBXContainerItemProxy section */
		295855102D8C793B001BDB39 /* PBXContainerItemProxy */ = {
			isa = PBXContainerItemProxy;
			containerPortal = 295854F72D8C793A001BDB39 /* Project object */;
			proxyType = 1;
			remoteGlobalIDString = 295854FE2D8C793A001BDB39;
			remoteInfo = LunePoker;
		};
		2958551A2D8C793B001BDB39 /* PBXContainerItemProxy */ = {
			isa = PBXContainerItemProxy;
			containerPortal = 295854F72D8C793A001BDB39 /* Project object */;
			proxyType = 1;
			remoteGlobalIDString = 295854FE2D8C793A001BDB39;
			remoteInfo = LunePoker;
		};
/* End PBXContainerItemProxy section */

/* Begin PBXFileReference section */
		2911D7FC2DF668CF00576E8E /* Localizable.xcstrings */ = {isa = PBXFileReference; lastKnownFileType = text.json.xcstrings; path = Localizable.xcstrings; sourceTree = "<group>"; };
		295854FF2D8C793A001BDB39 /* LunePoker.app */ = {isa = PBXFileReference; explicitFileType = wrapper.application; includeInIndex = 0; path = LunePoker.app; sourceTree = BUILT_PRODUCTS_DIR; };
		2958550F2D8C793B001BDB39 /* LunePokerTests.xctest */ = {isa = PBXFileReference; explicitFileType = wrapper.cfbundle; includeInIndex = 0; path = LunePokerTests.xctest; sourceTree = BUILT_PRODUCTS_DIR; };
		295855192D8C793B001BDB39 /* LunePokerUITests.xctest */ = {isa = PBXFileReference; explicitFileType = wrapper.cfbundle; includeInIndex = 0; path = LunePokerUITests.xctest; sourceTree = BUILT_PRODUCTS_DIR; };
		2975E95D2DA227C000EBA3D1 /* GoogleService-Info.plist */ = {isa = PBXFileReference; lastKnownFileType = text.plist.xml; path = "GoogleService-Info.plist"; sourceTree = "<group>"; };
/* End PBXFileReference section */

/* Begin PBXFileSystemSynchronizedRootGroup section */
		295855012D8C793A001BDB39 /* LunePoker */ = {
			isa = PBXFileSystemSynchronizedRootGroup;
			path = LunePoker;
			sourceTree = "<group>";
		};
		295855122D8C793B001BDB39 /* LunePokerTests */ = {
			isa = PBXFileSystemSynchronizedRootGroup;
			path = LunePokerTests;
			sourceTree = "<group>";
		};
		2958551C2D8C793B001BDB39 /* LunePokerUITests */ = {
			isa = PBXFileSystemSynchronizedRootGroup;
			path = LunePokerUITests;
			sourceTree = "<group>";
		};
/* End PBXFileSystemSynchronizedRootGroup section */

/* Begin PBXFrameworksBuildPhase section */
		295854FC2D8C793A001BDB39 /* Frameworks */ = {
			isa = PBXFrameworksBuildPhase;
			buildActionMask = 2147483647;
			files = (
				2975E8902DA156A300EBA3D1 /* FirebaseFirestoreCombine-Community in Frameworks */,
				2975E8A62DA156A300EBA3D1 /* FirebaseVertexAI in Frameworks */,
				2975E8922DA156A300EBA3D1 /* FirebaseFunctions in Frameworks */,
				2975E89E2DA156A300EBA3D1 /* FirebasePerformance in Frameworks */,
				2975E8A42DA156A300EBA3D1 /* FirebaseStorageCombine-Community in Frameworks */,
				2975E8A02DA156A300EBA3D1 /* FirebaseRemoteConfig in Frameworks */,
				2975E88A2DA156A300EBA3D1 /* FirebaseDatabase in Frameworks */,
				2975E88C2DA156A300EBA3D1 /* FirebaseDynamicLinks in Frameworks */,
				2975E87E2DA156A300EBA3D1 /* FirebaseAppCheck in Frameworks */,
				2975E8822DA156A300EBA3D1 /* FirebaseAuth in Frameworks */,
				2993FB9E2DA46CF800B3D95D /* SDWebImageSwiftUI in Frameworks */,
				2975E8782DA156A300EBA3D1 /* FirebaseAnalytics in Frameworks */,
				2975E88E2DA156A300EBA3D1 /* FirebaseFirestore in Frameworks */,
				2975E89C2DA156A300EBA3D1 /* FirebaseMessaging in Frameworks */,
				2975E8982DA156A300EBA3D1 /* FirebaseInstallations in Frameworks */,
				2975E8942DA156A300EBA3D1 /* FirebaseFunctionsCombine-Community in Frameworks */,
				2975E8802DA156A300EBA3D1 /* FirebaseAppDistribution-Beta in Frameworks */,
				2975E87C2DA156A300EBA3D1 /* FirebaseAnalyticsWithoutAdIdSupport in Frameworks */,
				2975E8962DA156A300EBA3D1 /* FirebaseInAppMessaging-Beta in Frameworks */,
				2975E8842DA156A300EBA3D1 /* FirebaseAuthCombine-Community in Frameworks */,
				2975E8882DA156A300EBA3D1 /* FirebaseCrashlytics in Frameworks */,
				2975E89A2DA156A300EBA3D1 /* FirebaseMLModelDownloader in Frameworks */,
				2975E8A22DA156A300EBA3D1 /* FirebaseStorage in Frameworks */,
				2975E8862DA156A300EBA3D1 /* FirebaseCore in Frameworks */,
				2975E87A2DA156A300EBA3D1 /* FirebaseAnalyticsOnDeviceConversion in Frameworks */,
			);
			runOnlyForDeploymentPostprocessing = 0;
		};
		2958550C2D8C793B001BDB39 /* Frameworks */ = {
			isa = PBXFrameworksBuildPhase;
			buildActionMask = 2147483647;
			files = (
			);
			runOnlyForDeploymentPostprocessing = 0;
		};
		295855162D8C793B001BDB39 /* Frameworks */ = {
			isa = PBXFrameworksBuildPhase;
			buildActionMask = 2147483647;
			files = (
			);
			runOnlyForDeploymentPostprocessing = 0;
		};
/* End PBXFrameworksBuildPhase section */

/* Begin PBXGroup section */
		295854F62D8C793A001BDB39 = {
			isa = PBXGroup;
			children = (
				295855012D8C793A001BDB39 /* LunePoker */,
				295855122D8C793B001BDB39 /* LunePokerTests */,
				2958551C2D8C793B001BDB39 /* LunePokerUITests */,
				295855002D8C793A001BDB39 /* Products */,
				2975E95D2DA227C000EBA3D1 /* GoogleService-Info.plist */,
				2911D7FC2DF668CF00576E8E /* Localizable.xcstrings */,
			);
			sourceTree = "<group>";
		};
		295855002D8C793A001BDB39 /* Products */ = {
			isa = PBXGroup;
			children = (
				295854FF2D8C793A001BDB39 /* LunePoker.app */,
				2958550F2D8C793B001BDB39 /* LunePokerTests.xctest */,
				295855192D8C793B001BDB39 /* LunePokerUITests.xctest */,
			);
			name = Products;
			sourceTree = "<group>";
		};
/* End PBXGroup section */

/* Begin PBXNativeTarget section */
		295854FE2D8C793A001BDB39 /* LunePoker */ = {
			isa = PBXNativeTarget;
			buildConfigurationList = 295855232D8C793B001BDB39 /* Build configuration list for PBXNativeTarget "LunePoker" */;
			buildPhases = (
				295854FB2D8C793A001BDB39 /* Sources */,
				295854FC2D8C793A001BDB39 /* Frameworks */,
				295854FD2D8C793A001BDB39 /* Resources */,
			);
			buildRules = (
			);
			dependencies = (
			);
			fileSystemSynchronizedGroups = (
				295855012D8C793A001BDB39 /* LunePoker */,
			);
			name = LunePoker;
			packageProductDependencies = (
				2975E8772DA156A300EBA3D1 /* FirebaseAnalytics */,
				2975E8792DA156A300EBA3D1 /* FirebaseAnalyticsOnDeviceConversion */,
				2975E87B2DA156A300EBA3D1 /* FirebaseAnalyticsWithoutAdIdSupport */,
				2975E87D2DA156A300EBA3D1 /* FirebaseAppCheck */,
				2975E87F2DA156A300EBA3D1 /* FirebaseAppDistribution-Beta */,
				2975E8812DA156A300EBA3D1 /* FirebaseAuth */,
				2975E8832DA156A300EBA3D1 /* FirebaseAuthCombine-Community */,
				2975E8852DA156A300EBA3D1 /* FirebaseCore */,
				2975E8872DA156A300EBA3D1 /* FirebaseCrashlytics */,
				2975E8892DA156A300EBA3D1 /* FirebaseDatabase */,
				2975E88B2DA156A300EBA3D1 /* FirebaseDynamicLinks */,
				2975E88D2DA156A300EBA3D1 /* FirebaseFirestore */,
				2975E88F2DA156A300EBA3D1 /* FirebaseFirestoreCombine-Community */,
				2975E8912DA156A300EBA3D1 /* FirebaseFunctions */,
				2975E8932DA156A300EBA3D1 /* FirebaseFunctionsCombine-Community */,
				2975E8952DA156A300EBA3D1 /* FirebaseInAppMessaging-Beta */,
				2975E8972DA156A300EBA3D1 /* FirebaseInstallations */,
				2975E8992DA156A300EBA3D1 /* FirebaseMLModelDownloader */,
				2975E89B2DA156A300EBA3D1 /* FirebaseMessaging */,
				2975E89D2DA156A300EBA3D1 /* FirebasePerformance */,
				2975E89F2DA156A300EBA3D1 /* FirebaseRemoteConfig */,
				2975E8A12DA156A300EBA3D1 /* FirebaseStorage */,
				2975E8A32DA156A300EBA3D1 /* FirebaseStorageCombine-Community */,
				2975E8A52DA156A300EBA3D1 /* FirebaseVertexAI */,
				2993FB9D2DA46CF800B3D95D /* SDWebImageSwiftUI */,
			);
			productName = LunePoker;
			productReference = 295854FF2D8C793A001BDB39 /* LunePoker.app */;
			productType = "com.apple.product-type.application";
		};
		2958550E2D8C793B001BDB39 /* LunePokerTests */ = {
			isa = PBXNativeTarget;
			buildConfigurationList = 295855262D8C793B001BDB39 /* Build configuration list for PBXNativeTarget "LunePokerTests" */;
			buildPhases = (
				2958550B2D8C793B001BDB39 /* Sources */,
				2958550C2D8C793B001BDB39 /* Frameworks */,
				2958550D2D8C793B001BDB39 /* Resources */,
			);
			buildRules = (
			);
			dependencies = (
				295855112D8C793B001BDB39 /* PBXTargetDependency */,
			);
			fileSystemSynchronizedGroups = (
				295855122D8C793B001BDB39 /* LunePokerTests */,
			);
			name = LunePokerTests;
			packageProductDependencies = (
			);
			productName = LunePokerTests;
			productReference = 2958550F2D8C793B001BDB39 /* LunePokerTests.xctest */;
			productType = "com.apple.product-type.bundle.unit-test";
		};
		295855182D8C793B001BDB39 /* LunePokerUITests */ = {
			isa = PBXNativeTarget;
			buildConfigurationList = 295855292D8C793B001BDB39 /* Build configuration list for PBXNativeTarget "LunePokerUITests" */;
			buildPhases = (
				295855152D8C793B001BDB39 /* Sources */,
				295855162D8C793B001BDB39 /* Frameworks */,
				295855172D8C793B001BDB39 /* Resources */,
			);
			buildRules = (
			);
			dependencies = (
				2958551B2D8C793B001BDB39 /* PBXTargetDependency */,
			);
			fileSystemSynchronizedGroups = (
				2958551C2D8C793B001BDB39 /* LunePokerUITests */,
			);
			name = LunePokerUITests;
			packageProductDependencies = (
			);
			productName = LunePokerUITests;
			productReference = 295855192D8C793B001BDB39 /* LunePokerUITests.xctest */;
			productType = "com.apple.product-type.bundle.ui-testing";
		};
/* End PBXNativeTarget section */

/* Begin PBXProject section */
		295854F72D8C793A001BDB39 /* Project object */ = {
			isa = PBXProject;
			attributes = {
				BuildIndependentTargetsInParallel = 1;
				LastSwiftUpdateCheck = 1600;
				LastUpgradeCheck = 1600;
				TargetAttributes = {
					295854FE2D8C793A001BDB39 = {
						CreatedOnToolsVersion = 16.0;
					};
					2958550E2D8C793B001BDB39 = {
						CreatedOnToolsVersion = 16.0;
						TestTargetID = 295854FE2D8C793A001BDB39;
					};
					295855182D8C793B001BDB39 = {
						CreatedOnToolsVersion = 16.0;
						TestTargetID = 295854FE2D8C793A001BDB39;
					};
				};
			};
			buildConfigurationList = 295854FA2D8C793A001BDB39 /* Build configuration list for PBXProject "LunePoker" */;
			developmentRegion = en;
			hasScannedForEncodings = 0;
			knownRegions = (
				en,
				it,
				Base,
				es,
			);
			mainGroup = 295854F62D8C793A001BDB39;
			minimizedProjectReferenceProxies = 1;
			packageReferences = (
				2975E8762DA156A300EBA3D1 /* XCRemoteSwiftPackageReference "firebase-ios-sdk" */,
				2993FB572DA46BEF00B3D95D /* XCRemoteSwiftPackageReference "SDWebImageSwiftUI" */,
			);
			preferredProjectObjectVersion = 77;
			productRefGroup = 295855002D8C793A001BDB39 /* Products */;
			projectDirPath = "";
			projectRoot = "";
			targets = (
				295854FE2D8C793A001BDB39 /* LunePoker */,
				2958550E2D8C793B001BDB39 /* LunePokerTests */,
				295855182D8C793B001BDB39 /* LunePokerUITests */,
			);
		};
/* End PBXProject section */

/* Begin PBXResourcesBuildPhase section */
		295854FD2D8C793A001BDB39 /* Resources */ = {
			isa = PBXResourcesBuildPhase;
			buildActionMask = 2147483647;
			files = (
				2911D7FD2DF668CF00576E8E /* Localizable.xcstrings in Resources */,
				2975E95E2DA227C000EBA3D1 /* GoogleService-Info.plist in Resources */,
			);
			runOnlyForDeploymentPostprocessing = 0;
		};
		2958550D2D8C793B001BDB39 /* Resources */ = {
			isa = PBXResourcesBuildPhase;
			buildActionMask = 2147483647;
			files = (
			);
			runOnlyForDeploymentPostprocessing = 0;
		};
		295855172D8C793B001BDB39 /* Resources */ = {
			isa = PBXResourcesBuildPhase;
			buildActionMask = 2147483647;
			files = (
			);
			runOnlyForDeploymentPostprocessing = 0;
		};
/* End PBXResourcesBuildPhase section */

/* Begin PBXSourcesBuildPhase section */
		295854FB2D8C793A001BDB39 /* Sources */ = {
			isa = PBXSourcesBuildPhase;
			buildActionMask = 2147483647;
			files = (
			);
			runOnlyForDeploymentPostprocessing = 0;
		};
		2958550B2D8C793B001BDB39 /* Sources */ = {
			isa = PBXSourcesBuildPhase;
			buildActionMask = 2147483647;
			files = (
			);
			runOnlyForDeploymentPostprocessing = 0;
		};
		295855152D8C793B001BDB39 /* Sources */ = {
			isa = PBXSourcesBuildPhase;
			buildActionMask = 2147483647;
			files = (
			);
			runOnlyForDeploymentPostprocessing = 0;
		};
/* End PBXSourcesBuildPhase section */

/* Begin PBXTargetDependency section */
		295855112D8C793B001BDB39 /* PBXTargetDependency */ = {
			isa = PBXTargetDependency;
			target = 295854FE2D8C793A001BDB39 /* LunePoker */;
			targetProxy = 295855102D8C793B001BDB39 /* PBXContainerItemProxy */;
		};
		2958551B2D8C793B001BDB39 /* PBXTargetDependency */ = {
			isa = PBXTargetDependency;
			target = 295854FE2D8C793A001BDB39 /* LunePoker */;
			targetProxy = 2958551A2D8C793B001BDB39 /* PBXContainerItemProxy */;
		};
/* End PBXTargetDependency section */

/* Begin XCBuildConfiguration section */
		295855212D8C793B001BDB39 /* Debug */ = {
			isa = XCBuildConfiguration;
			buildSettings = {
				ALWAYS_SEARCH_USER_PATHS = NO;
				ASSETCATALOG_COMPILER_GENERATE_SWIFT_ASSET_SYMBOL_EXTENSIONS = YES;
				CLANG_ANALYZER_NONNULL = YES;
				CLANG_ANALYZER_NUMBER_OBJECT_CONVERSION = YES_AGGRESSIVE;
				CLANG_CXX_LANGUAGE_STANDARD = "gnu++20";
				CLANG_ENABLE_MODULES = YES;
				CLANG_ENABLE_OBJC_ARC = YES;
				CLANG_ENABLE_OBJC_WEAK = YES;
				CLANG_WARN_BLOCK_CAPTURE_AUTORELEASING = YES;
				CLANG_WARN_BOOL_CONVERSION = YES;
				CLANG_WARN_COMMA = YES;
				CLANG_WARN_CONSTANT_CONVERSION = YES;
				CLANG_WARN_DEPRECATED_OBJC_IMPLEMENTATIONS = YES;
				CLANG_WARN_DIRECT_OBJC_ISA_USAGE = YES_ERROR;
				CLANG_WARN_DOCUMENTATION_COMMENTS = YES;
				CLANG_WARN_EMPTY_BODY = YES;
				CLANG_WARN_ENUM_CONVERSION = YES;
				CLANG_WARN_INFINITE_RECURSION = YES;
				CLANG_WARN_INT_CONVERSION = YES;
				CLANG_WARN_NON_LITERAL_NULL_CONVERSION = YES;
				CLANG_WARN_OBJC_IMPLICIT_RETAIN_SELF = YES;
				CLANG_WARN_OBJC_LITERAL_CONVERSION = YES;
				CLANG_WARN_OBJC_ROOT_CLASS = YES_ERROR;
				CLANG_WARN_QUOTED_INCLUDE_IN_FRAMEWORK_HEADER = YES;
				CLANG_WARN_RANGE_LOOP_ANALYSIS = YES;
				CLANG_WARN_STRICT_PROTOTYPES = YES;
				CLANG_WARN_SUSPICIOUS_MOVE = YES;
				CLANG_WARN_UNGUARDED_AVAILABILITY = YES_AGGRESSIVE;
				CLANG_WARN_UNREACHABLE_CODE = YES;
				CLANG_WARN__DUPLICATE_METHOD_MATCH = YES;
				COPY_PHASE_STRIP = NO;
				DEBUG_INFORMATION_FORMAT = dwarf;
				ENABLE_STRICT_OBJC_MSGSEND = YES;
				ENABLE_TESTABILITY = YES;
				ENABLE_USER_SCRIPT_SANDBOXING = YES;
				GCC_C_LANGUAGE_STANDARD = gnu17;
				GCC_DYNAMIC_NO_PIC = NO;
				GCC_NO_COMMON_BLOCKS = YES;
				GCC_OPTIMIZATION_LEVEL = 0;
				GCC_PREPROCESSOR_DEFINITIONS = (
					"DEBUG=1",
					"$(inherited)",
				);
				GCC_WARN_64_TO_32_BIT_CONVERSION = YES;
				GCC_WARN_ABOUT_RETURN_TYPE = YES_ERROR;
				GCC_WARN_UNDECLARED_SELECTOR = YES;
				GCC_WARN_UNINITIALIZED_AUTOS = YES_AGGRESSIVE;
				GCC_WARN_UNUSED_FUNCTION = YES;
				GCC_WARN_UNUSED_VARIABLE = YES;
				IPHONEOS_DEPLOYMENT_TARGET = 18.0;
				LOCALIZATION_PREFERS_STRING_CATALOGS = YES;
				MTL_ENABLE_DEBUG_INFO = INCLUDE_SOURCE;
				MTL_FAST_MATH = YES;
				ONLY_ACTIVE_ARCH = YES;
				SDKROOT = iphoneos;
				SWIFT_ACTIVE_COMPILATION_CONDITIONS = "DEBUG $(inherited)";
				SWIFT_EMIT_LOC_STRINGS = YES;
				SWIFT_OPTIMIZATION_LEVEL = "-Onone";
			};
			name = Debug;
		};
		295855222D8C793B001BDB39 /* Release */ = {
			isa = XCBuildConfiguration;
			buildSettings = {
				ALWAYS_SEARCH_USER_PATHS = NO;
				ASSETCATALOG_COMPILER_GENERATE_SWIFT_ASSET_SYMBOL_EXTENSIONS = YES;
				CLANG_ANALYZER_NONNULL = YES;
				CLANG_ANALYZER_NUMBER_OBJECT_CONVERSION = YES_AGGRESSIVE;
				CLANG_CXX_LANGUAGE_STANDARD = "gnu++20";
				CLANG_ENABLE_MODULES = YES;
				CLANG_ENABLE_OBJC_ARC = YES;
				CLANG_ENABLE_OBJC_WEAK = YES;
				CLANG_WARN_BLOCK_CAPTURE_AUTORELEASING = YES;
				CLANG_WARN_BOOL_CONVERSION = YES;
				CLANG_WARN_COMMA = YES;
				CLANG_WARN_CONSTANT_CONVERSION = YES;
				CLANG_WARN_DEPRECATED_OBJC_IMPLEMENTATIONS = YES;
				CLANG_WARN_DIRECT_OBJC_ISA_USAGE = YES_ERROR;
				CLANG_WARN_DOCUMENTATION_COMMENTS = YES;
				CLANG_WARN_EMPTY_BODY = YES;
				CLANG_WARN_ENUM_CONVERSION = YES;
				CLANG_WARN_INFINITE_RECURSION = YES;
				CLANG_WARN_INT_CONVERSION = YES;
				CLANG_WARN_NON_LITERAL_NULL_CONVERSION = YES;
				CLANG_WARN_OBJC_IMPLICIT_RETAIN_SELF = YES;
				CLANG_WARN_OBJC_LITERAL_CONVERSION = YES;
				CLANG_WARN_OBJC_ROOT_CLASS = YES_ERROR;
				CLANG_WARN_QUOTED_INCLUDE_IN_FRAMEWORK_HEADER = YES;
				CLANG_WARN_RANGE_LOOP_ANALYSIS = YES;
				CLANG_WARN_STRICT_PROTOTYPES = YES;
				CLANG_WARN_SUSPICIOUS_MOVE = YES;
				CLANG_WARN_UNGUARDED_AVAILABILITY = YES_AGGRESSIVE;
				CLANG_WARN_UNREACHABLE_CODE = YES;
				CLANG_WARN__DUPLICATE_METHOD_MATCH = YES;
				COPY_PHASE_STRIP = NO;
				DEBUG_INFORMATION_FORMAT = "dwarf-with-dsym";
				ENABLE_NS_ASSERTIONS = NO;
				ENABLE_STRICT_OBJC_MSGSEND = YES;
				ENABLE_USER_SCRIPT_SANDBOXING = YES;
				GCC_C_LANGUAGE_STANDARD = gnu17;
				GCC_NO_COMMON_BLOCKS = YES;
				GCC_WARN_64_TO_32_BIT_CONVERSION = YES;
				GCC_WARN_ABOUT_RETURN_TYPE = YES_ERROR;
				GCC_WARN_UNDECLARED_SELECTOR = YES;
				GCC_WARN_UNINITIALIZED_AUTOS = YES_AGGRESSIVE;
				GCC_WARN_UNUSED_FUNCTION = YES;
				GCC_WARN_UNUSED_VARIABLE = YES;
				IPHONEOS_DEPLOYMENT_TARGET = 18.0;
				LOCALIZATION_PREFERS_STRING_CATALOGS = YES;
				MTL_ENABLE_DEBUG_INFO = NO;
				MTL_FAST_MATH = YES;
				SDKROOT = iphoneos;
				SWIFT_COMPILATION_MODE = wholemodule;
				SWIFT_EMIT_LOC_STRINGS = YES;
				VALIDATE_PRODUCT = YES;
			};
			name = Release;
		};
		295855242D8C793B001BDB39 /* Debug */ = {
			isa = XCBuildConfiguration;
			buildSettings = {
				ASSETCATALOG_COMPILER_APPICON_NAME = AppIcon;
				ASSETCATALOG_COMPILER_GLOBAL_ACCENT_COLOR_NAME = AccentColor;
				CODE_SIGN_STYLE = Automatic;
				CURRENT_PROJECT_VERSION = 1;
				DEVELOPMENT_ASSET_PATHS = "\"LunePoker/Preview Content\"";
				DEVELOPMENT_TEAM = ZR9S325GW6;
				ENABLE_PREVIEWS = YES;
				GENERATE_INFOPLIST_FILE = YES;
				INFOPLIST_KEY_UIApplicationSceneManifest_Generation = YES;
				INFOPLIST_KEY_UIApplicationSupportsIndirectInputEvents = YES;
				INFOPLIST_KEY_UILaunchScreen_Generation = YES;
				INFOPLIST_KEY_UISupportedInterfaceOrientations = UIInterfaceOrientationPortrait;
				LD_RUNPATH_SEARCH_PATHS = (
					"$(inherited)",
					"@executable_path/Frameworks",
				);
				MARKETING_VERSION = 1.3.1;
				PRODUCT_BUNDLE_IDENTIFIER = mariniello.michele.LunePoker;
				PRODUCT_NAME = "$(TARGET_NAME)";
				SUPPORTED_PLATFORMS = "iphoneos iphonesimulator";
				SUPPORTS_MACCATALYST = NO;
				SUPPORTS_MAC_DESIGNED_FOR_IPHONE_IPAD = NO;
				SUPPORTS_XR_DESIGNED_FOR_IPHONE_IPAD = NO;
				SWIFT_EMIT_LOC_STRINGS = YES;
				SWIFT_VERSION = 5.0;
				TARGETED_DEVICE_FAMILY = 1;
			};
			name = Debug;
		};
		295855252D8C793B001BDB39 /* Release */ = {
			isa = XCBuildConfiguration;
			buildSettings = {
				ASSETCATALOG_COMPILER_APPICON_NAME = AppIcon;
				ASSETCATALOG_COMPILER_GLOBAL_ACCENT_COLOR_NAME = AccentColor;
				CODE_SIGN_STYLE = Automatic;
				CURRENT_PROJECT_VERSION = 1;
				DEVELOPMENT_ASSET_PATHS = "\"LunePoker/Preview Content\"";
				DEVELOPMENT_TEAM = ZR9S325GW6;
				ENABLE_PREVIEWS = YES;
				GENERATE_INFOPLIST_FILE = YES;
				INFOPLIST_KEY_UIApplicationSceneManifest_Generation = YES;
				INFOPLIST_KEY_UIApplicationSupportsIndirectInputEvents = YES;
				INFOPLIST_KEY_UILaunchScreen_Generation = YES;
				INFOPLIST_KEY_UISupportedInterfaceOrientations = UIInterfaceOrientationPortrait;
				LD_RUNPATH_SEARCH_PATHS = (
					"$(inherited)",
					"@executable_path/Frameworks",
				);
				MARKETING_VERSION = 1.3.1;
				PRODUCT_BUNDLE_IDENTIFIER = mariniello.michele.LunePoker;
				PRODUCT_NAME = "$(TARGET_NAME)";
				SUPPORTED_PLATFORMS = "iphoneos iphonesimulator";
				SUPPORTS_MACCATALYST = NO;
				SUPPORTS_MAC_DESIGNED_FOR_IPHONE_IPAD = NO;
				SUPPORTS_XR_DESIGNED_FOR_IPHONE_IPAD = NO;
				SWIFT_EMIT_LOC_STRINGS = YES;
				SWIFT_VERSION = 5.0;
				TARGETED_DEVICE_FAMILY = 1;
			};
			name = Release;
		};
		295855272D8C793B001BDB39 /* Debug */ = {
			isa = XCBuildConfiguration;
			buildSettings = {
				BUNDLE_LOADER = "$(TEST_HOST)";
				CODE_SIGN_STYLE = Automatic;
				CURRENT_PROJECT_VERSION = 1;
				DEVELOPMENT_TEAM = ZR9S325GW6;
				GENERATE_INFOPLIST_FILE = YES;
				IPHONEOS_DEPLOYMENT_TARGET = 18.0;
				MARKETING_VERSION = 1.0;
				PRODUCT_BUNDLE_IDENTIFIER = mariniello.michele.LunePokerTests;
				PRODUCT_NAME = "$(TARGET_NAME)";
				SWIFT_EMIT_LOC_STRINGS = NO;
				SWIFT_VERSION = 5.0;
				TARGETED_DEVICE_FAMILY = "1,2";
				TEST_HOST = "$(BUILT_PRODUCTS_DIR)/LunePoker.app/$(BUNDLE_EXECUTABLE_FOLDER_PATH)/LunePoker";
			};
			name = Debug;
		};
		295855282D8C793B001BDB39 /* Release */ = {
			isa = XCBuildConfiguration;
			buildSettings = {
				BUNDLE_LOADER = "$(TEST_HOST)";
				CODE_SIGN_STYLE = Automatic;
				CURRENT_PROJECT_VERSION = 1;
				DEVELOPMENT_TEAM = ZR9S325GW6;
				GENERATE_INFOPLIST_FILE = YES;
				IPHONEOS_DEPLOYMENT_TARGET = 18.0;
				MARKETING_VERSION = 1.0;
				PRODUCT_BUNDLE_IDENTIFIER = mariniello.michele.LunePokerTests;
				PRODUCT_NAME = "$(TARGET_NAME)";
				SWIFT_EMIT_LOC_STRINGS = NO;
				SWIFT_VERSION = 5.0;
				TARGETED_DEVICE_FAMILY = "1,2";
				TEST_HOST = "$(BUILT_PRODUCTS_DIR)/LunePoker.app/$(BUNDLE_EXECUTABLE_FOLDER_PATH)/LunePoker";
			};
			name = Release;
		};
		2958552A2D8C793B001BDB39 /* Debug */ = {
			isa = XCBuildConfiguration;
			buildSettings = {
				CODE_SIGN_STYLE = Automatic;
				CURRENT_PROJECT_VERSION = 1;
				DEVELOPMENT_TEAM = ZR9S325GW6;
				GENERATE_INFOPLIST_FILE = YES;
				MARKETING_VERSION = 1.0;
				PRODUCT_BUNDLE_IDENTIFIER = mariniello.michele.LunePokerUITests;
				PRODUCT_NAME = "$(TARGET_NAME)";
				SWIFT_EMIT_LOC_STRINGS = NO;
				SWIFT_VERSION = 5.0;
				TARGETED_DEVICE_FAMILY = "1,2";
				TEST_TARGET_NAME = LunePoker;
			};
			name = Debug;
		};
		2958552B2D8C793B001BDB39 /* Release */ = {
			isa = XCBuildConfiguration;
			buildSettings = {
				CODE_SIGN_STYLE = Automatic;
				CURRENT_PROJECT_VERSION = 1;
				DEVELOPMENT_TEAM = ZR9S325GW6;
				GENERATE_INFOPLIST_FILE = YES;
				MARKETING_VERSION = 1.0;
				PRODUCT_BUNDLE_IDENTIFIER = mariniello.michele.LunePokerUITests;
				PRODUCT_NAME = "$(TARGET_NAME)";
				SWIFT_EMIT_LOC_STRINGS = NO;
				SWIFT_VERSION = 5.0;
				TARGETED_DEVICE_FAMILY = "1,2";
				TEST_TARGET_NAME = LunePoker;
			};
			name = Release;
		};
/* End XCBuildConfiguration section */

/* Begin XCConfigurationList section */
		295854FA2D8C793A001BDB39 /* Build configuration list for PBXProject "LunePoker" */ = {
			isa = XCConfigurationList;
			buildConfigurations = (
				295855212D8C793B001BDB39 /* Debug */,
				295855222D8C793B001BDB39 /* Release */,
			);
			defaultConfigurationIsVisible = 0;
			defaultConfigurationName = Release;
		};
		295855232D8C793B001BDB39 /* Build configuration list for PBXNativeTarget "LunePoker" */ = {
			isa = XCConfigurationList;
			buildConfigurations = (
				295855242D8C793B001BDB39 /* Debug */,
				295855252D8C793B001BDB39 /* Release */,
			);
			defaultConfigurationIsVisible = 0;
			defaultConfigurationName = Release;
		};
		295855262D8C793B001BDB39 /* Build configuration list for PBXNativeTarget "LunePokerTests" */ = {
			isa = XCConfigurationList;
			buildConfigurations = (
				295855272D8C793B001BDB39 /* Debug */,
				295855282D8C793B001BDB39 /* Release */,
			);
			defaultConfigurationIsVisible = 0;
			defaultConfigurationName = Release;
		};
		295855292D8C793B001BDB39 /* Build configuration list for PBXNativeTarget "LunePokerUITests" */ = {
			isa = XCConfigurationList;
			buildConfigurations = (
				2958552A2D8C793B001BDB39 /* Debug */,
				2958552B2D8C793B001BDB39 /* Release */,
			);
			defaultConfigurationIsVisible = 0;
			defaultConfigurationName = Release;
		};
/* End XCConfigurationList section */

/* Begin XCRemoteSwiftPackageReference section */
		2975E8762DA156A300EBA3D1 /* XCRemoteSwiftPackageReference "firebase-ios-sdk" */ = {
			isa = XCRemoteSwiftPackageReference;
			repositoryURL = "https://github.com/firebase/firebase-ios-sdk";
			requirement = {
				kind = upToNextMajorVersion;
				minimumVersion = 11.11.0;
			};
		};
		2993FB572DA46BEF00B3D95D /* XCRemoteSwiftPackageReference "SDWebImageSwiftUI" */ = {
			isa = XCRemoteSwiftPackageReference;
			repositoryURL = "https://github.com/SDWebImage/SDWebImageSwiftUI";
			requirement = {
				kind = upToNextMajorVersion;
				minimumVersion = 3.1.3;
			};
		};
/* End XCRemoteSwiftPackageReference section */

/* Begin XCSwiftPackageProductDependency section */
		2975E8772DA156A300EBA3D1 /* FirebaseAnalytics */ = {
			isa = XCSwiftPackageProductDependency;
			package = 2975E8762DA156A300EBA3D1 /* XCRemoteSwiftPackageReference "firebase-ios-sdk" */;
			productName = FirebaseAnalytics;
		};
		2975E8792DA156A300EBA3D1 /* FirebaseAnalyticsOnDeviceConversion */ = {
			isa = XCSwiftPackageProductDependency;
			package = 2975E8762DA156A300EBA3D1 /* XCRemoteSwiftPackageReference "firebase-ios-sdk" */;
			productName = FirebaseAnalyticsOnDeviceConversion;
		};
		2975E87B2DA156A300EBA3D1 /* FirebaseAnalyticsWithoutAdIdSupport */ = {
			isa = XCSwiftPackageProductDependency;
			package = 2975E8762DA156A300EBA3D1 /* XCRemoteSwiftPackageReference "firebase-ios-sdk" */;
			productName = FirebaseAnalyticsWithoutAdIdSupport;
		};
		2975E87D2DA156A300EBA3D1 /* FirebaseAppCheck */ = {
			isa = XCSwiftPackageProductDependency;
			package = 2975E8762DA156A300EBA3D1 /* XCRemoteSwiftPackageReference "firebase-ios-sdk" */;
			productName = FirebaseAppCheck;
		};
		2975E87F2DA156A300EBA3D1 /* FirebaseAppDistribution-Beta */ = {
			isa = XCSwiftPackageProductDependency;
			package = 2975E8762DA156A300EBA3D1 /* XCRemoteSwiftPackageReference "firebase-ios-sdk" */;
			productName = "FirebaseAppDistribution-Beta";
		};
		2975E8812DA156A300EBA3D1 /* FirebaseAuth */ = {
			isa = XCSwiftPackageProductDependency;
			package = 2975E8762DA156A300EBA3D1 /* XCRemoteSwiftPackageReference "firebase-ios-sdk" */;
			productName = FirebaseAuth;
		};
		2975E8832DA156A300EBA3D1 /* FirebaseAuthCombine-Community */ = {
			isa = XCSwiftPackageProductDependency;
			package = 2975E8762DA156A300EBA3D1 /* XCRemoteSwiftPackageReference "firebase-ios-sdk" */;
			productName = "FirebaseAuthCombine-Community";
		};
		2975E8852DA156A300EBA3D1 /* FirebaseCore */ = {
			isa = XCSwiftPackageProductDependency;
			package = 2975E8762DA156A300EBA3D1 /* XCRemoteSwiftPackageReference "firebase-ios-sdk" */;
			productName = FirebaseCore;
		};
		2975E8872DA156A300EBA3D1 /* FirebaseCrashlytics */ = {
			isa = XCSwiftPackageProductDependency;
			package = 2975E8762DA156A300EBA3D1 /* XCRemoteSwiftPackageReference "firebase-ios-sdk" */;
			productName = FirebaseCrashlytics;
		};
		2975E8892DA156A300EBA3D1 /* FirebaseDatabase */ = {
			isa = XCSwiftPackageProductDependency;
			package = 2975E8762DA156A300EBA3D1 /* XCRemoteSwiftPackageReference "firebase-ios-sdk" */;
			productName = FirebaseDatabase;
		};
		2975E88B2DA156A300EBA3D1 /* FirebaseDynamicLinks */ = {
			isa = XCSwiftPackageProductDependency;
			package = 2975E8762DA156A300EBA3D1 /* XCRemoteSwiftPackageReference "firebase-ios-sdk" */;
			productName = FirebaseDynamicLinks;
		};
		2975E88D2DA156A300EBA3D1 /* FirebaseFirestore */ = {
			isa = XCSwiftPackageProductDependency;
			package = 2975E8762DA156A300EBA3D1 /* XCRemoteSwiftPackageReference "firebase-ios-sdk" */;
			productName = FirebaseFirestore;
		};
		2975E88F2DA156A300EBA3D1 /* FirebaseFirestoreCombine-Community */ = {
			isa = XCSwiftPackageProductDependency;
			package = 2975E8762DA156A300EBA3D1 /* XCRemoteSwiftPackageReference "firebase-ios-sdk" */;
			productName = "FirebaseFirestoreCombine-Community";
		};
		2975E8912DA156A300EBA3D1 /* FirebaseFunctions */ = {
			isa = XCSwiftPackageProductDependency;
			package = 2975E8762DA156A300EBA3D1 /* XCRemoteSwiftPackageReference "firebase-ios-sdk" */;
			productName = FirebaseFunctions;
		};
		2975E8932DA156A300EBA3D1 /* FirebaseFunctionsCombine-Community */ = {
			isa = XCSwiftPackageProductDependency;
			package = 2975E8762DA156A300EBA3D1 /* XCRemoteSwiftPackageReference "firebase-ios-sdk" */;
			productName = "FirebaseFunctionsCombine-Community";
		};
		2975E8952DA156A300EBA3D1 /* FirebaseInAppMessaging-Beta */ = {
			isa = XCSwiftPackageProductDependency;
			package = 2975E8762DA156A300EBA3D1 /* XCRemoteSwiftPackageReference "firebase-ios-sdk" */;
			productName = "FirebaseInAppMessaging-Beta";
		};
		2975E8972DA156A300EBA3D1 /* FirebaseInstallations */ = {
			isa = XCSwiftPackageProductDependency;
			package = 2975E8762DA156A300EBA3D1 /* XCRemoteSwiftPackageReference "firebase-ios-sdk" */;
			productName = FirebaseInstallations;
		};
		2975E8992DA156A300EBA3D1 /* FirebaseMLModelDownloader */ = {
			isa = XCSwiftPackageProductDependency;
			package = 2975E8762DA156A300EBA3D1 /* XCRemoteSwiftPackageReference "firebase-ios-sdk" */;
			productName = FirebaseMLModelDownloader;
		};
		2975E89B2DA156A300EBA3D1 /* FirebaseMessaging */ = {
			isa = XCSwiftPackageProductDependency;
			package = 2975E8762DA156A300EBA3D1 /* XCRemoteSwiftPackageReference "firebase-ios-sdk" */;
			productName = FirebaseMessaging;
		};
		2975E89D2DA156A300EBA3D1 /* FirebasePerformance */ = {
			isa = XCSwiftPackageProductDependency;
			package = 2975E8762DA156A300EBA3D1 /* XCRemoteSwiftPackageReference "firebase-ios-sdk" */;
			productName = FirebasePerformance;
		};
		2975E89F2DA156A300EBA3D1 /* FirebaseRemoteConfig */ = {
			isa = XCSwiftPackageProductDependency;
			package = 2975E8762DA156A300EBA3D1 /* XCRemoteSwiftPackageReference "firebase-ios-sdk" */;
			productName = FirebaseRemoteConfig;
		};
		2975E8A12DA156A300EBA3D1 /* FirebaseStorage */ = {
			isa = XCSwiftPackageProductDependency;
			package = 2975E8762DA156A300EBA3D1 /* XCRemoteSwiftPackageReference "firebase-ios-sdk" */;
			productName = FirebaseStorage;
		};
		2975E8A32DA156A300EBA3D1 /* FirebaseStorageCombine-Community */ = {
			isa = XCSwiftPackageProductDependency;
			package = 2975E8762DA156A300EBA3D1 /* XCRemoteSwiftPackageReference "firebase-ios-sdk" */;
			productName = "FirebaseStorageCombine-Community";
		};
		2975E8A52DA156A300EBA3D1 /* FirebaseVertexAI */ = {
			isa = XCSwiftPackageProductDependency;
			package = 2975E8762DA156A300EBA3D1 /* XCRemoteSwiftPackageReference "firebase-ios-sdk" */;
			productName = FirebaseVertexAI;
		};
		2993FB9D2DA46CF800B3D95D /* SDWebImageSwiftUI */ = {
			isa = XCSwiftPackageProductDependency;
			package = 2993FB572DA46BEF00B3D95D /* XCRemoteSwiftPackageReference "SDWebImageSwiftUI" */;
			productName = SDWebImageSwiftUI;
		};
/* End XCSwiftPackageProductDependency section */
	};
	rootObject = 295854F72D8C793A001BDB39 /* Project object */;
}
